
Microsoft Visual Studio Solution File, Format Version 12.00
# Visual Studio Version 17
VisualStudioVersion = 17.14.36616.10 d17.14
MinimumVisualStudioVersion = 10.0.40219.1
Project("{8BC9CEB8-8B4A-11D0-8D11-00A0C91BC942}") = "GIA-CS2", "GIA-CS2.vcxproj", "{79E72871-D9FD-4693-B787-55F15693BC4C}"
EndProject
Global
	GlobalSection(SolutionConfigurationPlatforms) = preSolution
		Debug|x64 = Debug|x64
		Debug|x86 = Debug|x86
		Release|x64 = Release|x64
		Release|x86 = Release|x86
	EndGlobalSection
	GlobalSection(ProjectConfigurationPlatforms) = postSolution
		{79E72871-D9FD-4693-B787-55F15693BC4C}.Debug|x64.ActiveCfg = Debug|x64
		{79E72871-D9FD-4693-B787-55F15693BC4C}.Debug|x64.Build.0 = Debug|x64
		{79E72871-D9FD-4693-B787-55F15693BC4C}.Debug|x86.ActiveCfg = Debug|Win32
		{79E72871-D9FD-4693-B787-55F15693BC4C}.Debug|x86.Build.0 = Debug|Win32
		{79E72871-D9FD-4693-B787-55F15693BC4C}.Release|x64.ActiveCfg = Release|x64
		{79E72871-D9FD-4693-B787-55F15693BC4C}.Release|x64.Build.0 = Release|x64
		{79E72871-D9FD-4693-B787-55F15693BC4C}.Release|x86.ActiveCfg = Release|Win32
		{79E72871-D9FD-4693-B787-55F15693BC4C}.Release|x86.Build.0 = Release|Win32
	EndGlobalSection
	GlobalSection(SolutionProperties) = preSolution
		HideSolutionNode = FALSE
	EndGlobalSection
	GlobalSection(ExtensibilityGlobals) = postSolution
		SolutionGuid = {88F997D4-ED21-4E57-831A-10C7D8C2B7C6}
	EndGlobalSection
EndGlobal
